
Microsoft Visual Studio Solution File, Format Version 12.00
# Visual Studio Version 17
VisualStudioVersion = 17.0.31903.59
MinimumVisualStudioVersion = 10.0.40219.1
Project("{FAE04EC0-301F-11D3-BF4B-00C04F79EFBC}") = "Menuki", "Menuki\Menuki.csproj", "{83EAF3EE-695F-4098-9144-B9E2FE00D5F6}"
EndProject
Project("{FAE04EC0-301F-11D3-BF4B-00C04F79EFBC}") = "Menuki.Tests", "Menuki.Tests\Menuki.Tests.csproj", "{597EB68E-532C-4DC2-9824-C9D761AE3055}"
EndProject
Global
	GlobalSection(SolutionConfigurationPlatforms) = preSolution
		Debug|Any CPU = Debug|Any CPU
		Release|Any CPU = Release|Any CPU
	EndGlobalSection
	GlobalSection(SolutionProperties) = preSolution
		HideSolutionNode = FALSE
	EndGlobalSection
	GlobalSection(ProjectConfigurationPlatforms) = postSolution
		{83EAF3EE-695F-4098-9144-B9E2FE00D5F6}.Debug|Any CPU.ActiveCfg = Debug|Any CPU
		{83EAF3EE-695F-4098-9144-B9E2FE00D5F6}.Debug|Any CPU.Build.0 = Debug|Any CPU
		{83EAF3EE-695F-4098-9144-B9E2FE00D5F6}.Release|Any CPU.ActiveCfg = Release|Any CPU
		{83EAF3EE-695F-4098-9144-B9E2FE00D5F6}.Release|Any CPU.Build.0 = Release|Any CPU
		{597EB68E-532C-4DC2-9824-C9D761AE3055}.Debug|Any CPU.ActiveCfg = Debug|Any CPU
		{597EB68E-532C-4DC2-9824-C9D761AE3055}.Debug|Any CPU.Build.0 = Debug|Any CPU
		{597EB68E-532C-4DC2-9824-C9D761AE3055}.Release|Any CPU.ActiveCfg = Release|Any CPU
		{597EB68E-532C-4DC2-9824-C9D761AE3055}.Release|Any CPU.Build.0 = Release|Any CPU
	EndGlobalSection
EndGlobal
